{
  "name": "sunny-v3",
  "version": "0.1.0",
  "lockfileVersion": 3,
  "requires": true,
  "packages": {
    "": {
      "name": "sunny-v3",
      "version": "0.1.0",
      "dependencies": {
        "next": "14.2.5",
        "react": "18.2.0",
        "react-dom": "18.2.0"
      },
      "devDependencies": {
        "@types/node": "20.14.12",
        "@types/react": "18.2.66",
        "eslint": "8.57.0",
        "eslint-config-next": "14.2.5",
        "typescript": "5.4.5"
      }
    }
  }
}
